# This file is automatically @generated by Cargo.
# It is not intended for manual editing.
version = 4

[[package]]
name = "jules-api"
version = "0.1.0-dev"
dependencies = [
 "jules-core",
]

[[package]]
name = "jules-cli"
version = "0.1.0-dev"
dependencies = [
 "jules-sdk",
]

[[package]]
name = "jules-core"
version = "0.1.0-dev"

[[package]]
name = "jules-macros"
version = "0.1.0-dev"

[[package]]
name = "jules-sdk"
version = "0.1.0-dev"
dependencies = [
 "jules-api",
 "jules-core",
 "jules-macros",
]
